lockfile_version: '1'
generated_at: '2026-08-30T12:58:29.652889+00:00'
apm_version: 0.28.0
dependencies:
- repo_url: yureutaejin/agent-configs
  name: agent-configs
  host: github.com
  resolved_commit: c529a69aa40125240ed74694e62bf6ad7c0e7fad
  resolved_ref: c529a69a
  version: 1.0.0
  package_type: apm_package
  deployed_files:
  - .agents/skills/pr-description
  - .agents/skills/pr-description/SKILL.md
  - .agents/skills/pr-description/references/format.md
  - .agents/skills/pr-description/scripts/collect-pr-context.sh
  - .claude/skills/pr-description
  - .claude/skills/pr-description/SKILL.md
  - .claude/skills/pr-description/references/format.md
  - .claude/skills/pr-description/scripts/collect-pr-context.sh
  deployed_file_hashes:
    .agents/skills/pr-description/SKILL.md: sha256:3508de0fd77e0aa6393bdc56a884d27cf669ad90d2ad0162784985b1570688cb
    .agents/skills/pr-description/references/format.md: sha256:1135cd1582b7a1a8954b2c4b843abe8842670d3f3e20a3a270775224de13b02e
    .agents/skills/pr-description/scripts/collect-pr-context.sh: sha256:27387103373d4590773eca2d76883e529bd96cadcb7b42c653e6b37ebc11b17a
    .claude/skills/pr-description/SKILL.md: sha256:3508de0fd77e0aa6393bdc56a884d27cf669ad90d2ad0162784985b1570688cb
    .claude/skills/pr-description/references/format.md: sha256:1135cd1582b7a1a8954b2c4b843abe8842670d3f3e20a3a270775224de13b02e
    .claude/skills/pr-description/scripts/collect-pr-context.sh: sha256:27387103373d4590773eca2d76883e529bd96cadcb7b42c653e6b37ebc11b17a
  content_hash: sha256:16248d7fcd81aecfd72594d568a1b9147acf2121ae3a2c13346eaceca95f04a0
deployments:
- kind: project-relative
  target: agents
  value: .agents/skills/pr-description/references/quality-checklist.md
  runtime: null
  scope: project
  owners:
  - .
  active_owner: .
  content_hash: sha256:e2964f4cf52a997bb9a7faeee84b043f9e7eba410ae51f188db046a0b9b43574
- kind: project-relative
  target: claude
  value: .claude/skills/pr-description
  runtime: null
  scope: project
  owners:
  - yureutaejin/agent-configs
  - .
  active_owner: yureutaejin/agent-configs
  content_hash: null
- kind: project-relative
  target: claude
  value: .claude/skills/pr-description/SKILL.md
  runtime: null
  scope: project
  owners:
  - yureutaejin/agent-configs
  - .
  active_owner: yureutaejin/agent-configs
  content_hash: sha256:3508de0fd77e0aa6393bdc56a884d27cf669ad90d2ad0162784985b1570688cb
- kind: project-relative
  target: claude
  value: .claude/skills/pr-description/references/format.md
  runtime: null
  scope: project
  owners:
  - yureutaejin/agent-configs
  - .
  active_owner: yureutaejin/agent-configs
  content_hash: sha256:1135cd1582b7a1a8954b2c4b843abe8842670d3f3e20a3a270775224de13b02e
- kind: project-relative
  target: claude
  value: .claude/skills/pr-description/references/quality-checklist.md
  runtime: null
  scope: project
  owners:
  - .
  active_owner: .
  content_hash: sha256:e2964f4cf52a997bb9a7faeee84b043f9e7eba410ae51f188db046a0b9b43574
- kind: project-relative
  target: claude
  value: .claude/skills/pr-description/scripts/collect-pr-context.sh
  runtime: null
  scope: project
  owners:
  - yureutaejin/agent-configs
  - .
  active_owner: yureutaejin/agent-configs
  content_hash: sha256:27387103373d4590773eca2d76883e529bd96cadcb7b42c653e6b37ebc11b17a
- kind: project-relative
  target: codex
  value: .agents/skills/pr-description
  runtime: null
  scope: project
  owners:
  - yureutaejin/agent-configs
  - .
  active_owner: yureutaejin/agent-configs
  content_hash: null
- kind: project-relative
  target: codex
  value: .agents/skills/pr-description/SKILL.md
  runtime: null
  scope: project
  owners:
  - yureutaejin/agent-configs
  - .
  active_owner: yureutaejin/agent-configs
  content_hash: sha256:3508de0fd77e0aa6393bdc56a884d27cf669ad90d2ad0162784985b1570688cb
- kind: project-relative
  target: codex
  value: .agents/skills/pr-description/references/format.md
  runtime: null
  scope: project
  owners:
  - yureutaejin/agent-configs
  - .
  active_owner: yureutaejin/agent-configs
  content_hash: sha256:1135cd1582b7a1a8954b2c4b843abe8842670d3f3e20a3a270775224de13b02e
- kind: project-relative
  target: codex
  value: .agents/skills/pr-description/scripts/collect-pr-context.sh
  runtime: null
  scope: project
  owners:
  - yureutaejin/agent-configs
  - .
  active_owner: yureutaejin/agent-configs
  content_hash: sha256:27387103373d4590773eca2d76883e529bd96cadcb7b42c653e6b37ebc11b17a
local_deployed_files:
- .agents/skills/pr-description
- .agents/skills/pr-description/SKILL.md
- .agents/skills/pr-description/references/format.md
- .agents/skills/pr-description/references/quality-checklist.md
- .agents/skills/pr-description/scripts/collect-pr-context.sh
- .claude/skills/pr-description
- .claude/skills/pr-description/SKILL.md
- .claude/skills/pr-description/references/format.md
- .claude/skills/pr-description/references/quality-checklist.md
- .claude/skills/pr-description/scripts/collect-pr-context.sh
local_deployed_file_hashes:
  .agents/skills/pr-description/SKILL.md: sha256:3508de0fd77e0aa6393bdc56a884d27cf669ad90d2ad0162784985b1570688cb
  .agents/skills/pr-description/references/format.md: sha256:1135cd1582b7a1a8954b2c4b843abe8842670d3f3e20a3a270775224de13b02e
  .agents/skills/pr-description/references/quality-checklist.md: sha256:e2964f4cf52a997bb9a7faeee84b043f9e7eba410ae51f188db046a0b9b43574
  .agents/skills/pr-description/scripts/collect-pr-context.sh: sha256:27387103373d4590773eca2d76883e529bd96cadcb7b42c653e6b37ebc11b17a
  .claude/skills/pr-description/SKILL.md: sha256:3508de0fd77e0aa6393bdc56a884d27cf669ad90d2ad0162784985b1570688cb
  .claude/skills/pr-description/references/format.md: sha256:1135cd1582b7a1a8954b2c4b843abe8842670d3f3e20a3a270775224de13b02e
  .claude/skills/pr-description/references/quality-checklist.md: sha256:e2964f4cf52a997bb9a7faeee84b043f9e7eba410ae51f188db046a0b9b43574
  .claude/skills/pr-description/scripts/collect-pr-context.sh: sha256:27387103373d4590773eca2d76883e529bd96cadcb7b42c653e6b37ebc11b17a
